{
  "name": "@freedomsex/header-bar",
  "version": "1.0.4",
  "lockfileVersion": 1,
  "requires": true,
  "dependencies": {
    "@freedomsex/styles": {
      "version": "0.1.2",
      "resolved": "https://registry.npmjs.org/@freedomsex/styles/-/styles-0.1.2.tgz",
      "integrity": "sha512-sxhiprdbYkb24MziH2eAhoOqFkkrnsA8Wg0P452dZUe61dFptm1lKbo7bqgGLJwiAPqxHU1N6Ztrm98p6EhhuA=="
    }
  }
}
